
Microsoft Visual Studio Solution File, Format Version 12.00
# Visual Studio Version 16
VisualStudioVersion = 16.0.30104.148
MinimumVisualStudioVersion = 10.0.40219.1
Project("{FAE04EC0-301F-11D3-BF4B-00C04F79EFBC}") = "BoxOfT", "BoxOfT\BoxOfT.csproj", "{24857FBD-CAC3-4BA6-8296-DDD32DE78D34}"
EndProject
Project("{FAE04EC0-301F-11D3-BF4B-00C04F79EFBC}") = "GenericArrayCreator", "GenericArrayCreator\GenericArrayCreator.csproj", "{76854ED6-78FC-49AB-8B76-D9360E9816C4}"
EndProject
Project("{FAE04EC0-301F-11D3-BF4B-00C04F79EFBC}") = "GenericScale", "GenericScale\GenericScale.csproj", "{17A8C809-B0CE-4C9B-ADC5-ABC34DE6315A}"
EndProject
Global
	GlobalSection(SolutionConfigurationPlatforms) = preSolution
		Debug|Any CPU = Debug|Any CPU
		Release|Any CPU = Release|Any CPU
	EndGlobalSection
	GlobalSection(ProjectConfigurationPlatforms) = postSolution
		{24857FBD-CAC3-4BA6-8296-DDD32DE78D34}.Debug|Any CPU.ActiveCfg = Debug|Any CPU
		{24857FBD-CAC3-4BA6-8296-DDD32DE78D34}.Debug|Any CPU.Build.0 = Debug|Any CPU
		{24857FBD-CAC3-4BA6-8296-DDD32DE78D34}.Release|Any CPU.ActiveCfg = Release|Any CPU
		{24857FBD-CAC3-4BA6-8296-DDD32DE78D34}.Release|Any CPU.Build.0 = Release|Any CPU
		{76854ED6-78FC-49AB-8B76-D9360E9816C4}.Debug|Any CPU.ActiveCfg = Debug|Any CPU
		{76854ED6-78FC-49AB-8B76-D9360E9816C4}.Debug|Any CPU.Build.0 = Debug|Any CPU
		{76854ED6-78FC-49AB-8B76-D9360E9816C4}.Release|Any CPU.ActiveCfg = Release|Any CPU
		{76854ED6-78FC-49AB-8B76-D9360E9816C4}.Release|Any CPU.Build.0 = Release|Any CPU
		{17A8C809-B0CE-4C9B-ADC5-ABC34DE6315A}.Debug|Any CPU.ActiveCfg = Debug|Any CPU
		{17A8C809-B0CE-4C9B-ADC5-ABC34DE6315A}.Debug|Any CPU.Build.0 = Debug|Any CPU
		{17A8C809-B0CE-4C9B-ADC5-ABC34DE6315A}.Release|Any CPU.ActiveCfg = Release|Any CPU
		{17A8C809-B0CE-4C9B-ADC5-ABC34DE6315A}.Release|Any CPU.Build.0 = Release|Any CPU
	EndGlobalSection
	GlobalSection(SolutionProperties) = preSolution
		HideSolutionNode = FALSE
	EndGlobalSection
	GlobalSection(ExtensibilityGlobals) = postSolution
		SolutionGuid = {E0542462-290C-4374-92D2-45806F7EE1B8}
	EndGlobalSection
EndGlobal
